
Microsoft Visual Studio Solution File, Format Version 12.00
# Visual Studio Version 17
VisualStudioVersion = 17.9.34714.143
MinimumVisualStudioVersion = 10.0.40219.1
Project("{FAE04EC0-301F-11D3-BF4B-00C04F79EFBC}") = "BlazorApp_Recipes", "BlazorApp_Recipes\BlazorApp_Recipes.csproj", "{D316D096-3FA2-4203-A842-B0445FF11255}"
EndProject
Global
	GlobalSection(SolutionConfigurationPlatforms) = preSolution
		Debug|Any CPU = Debug|Any CPU
		Release|Any CPU = Release|Any CPU
	EndGlobalSection
	GlobalSection(ProjectConfigurationPlatforms) = postSolution
		{D316D096-3FA2-4203-A842-B0445FF11255}.Debug|Any CPU.ActiveCfg = Debug|Any CPU
		{D316D096-3FA2-4203-A842-B0445FF11255}.Debug|Any CPU.Build.0 = Debug|Any CPU
		{D316D096-3FA2-4203-A842-B0445FF11255}.Release|Any CPU.ActiveCfg = Release|Any CPU
		{D316D096-3FA2-4203-A842-B0445FF11255}.Release|Any CPU.Build.0 = Release|Any CPU
	EndGlobalSection
	GlobalSection(SolutionProperties) = preSolution
		HideSolutionNode = FALSE
	EndGlobalSection
	GlobalSection(ExtensibilityGlobals) = postSolution
		SolutionGuid = {C59D739E-44EE-4449-AE7D-51508FCE33F8}
	EndGlobalSection
EndGlobal
